
Microsoft Visual Studio Solution File, Format Version 12.00
# Visual Studio Version 17
VisualStudioVersion = 17.14.36109.1
MinimumVisualStudioVersion = 10.0.40219.1
Project("{FAE04EC0-301F-11D3-BF4B-00C04F79EFBC}") = "Field_Mill", "Field_Mill\Field_Mill.csproj", "{C8361242-DA0D-4F29-8B54-8C2BC7387AA1}"
EndProject
Project("{2150E333-8FDC-42A3-9474-1A3956D46DE8}") = "Solution Items", "Solution Items", "{6C83A596-D32D-B35F-00DD-F0C99B673980}"
	ProjectSection(SolutionItems) = preProject
		.editorconfig = .editorconfig
	EndProjectSection
EndProject
Project("{54435603-DBB4-11D2-8724-00A0C9A8B90C}") = "Field_Mill_Setup", "Field_Mill_Setup\Field_Mill_Setup.vdproj", "{A115E387-9E72-7FA4-8AC9-AFE1178B0F10}"
EndProject
Global
	GlobalSection(SolutionConfigurationPlatforms) = preSolution
		Debug|Any CPU = Debug|Any CPU
		Release|Any CPU = Release|Any CPU
	EndGlobalSection
	GlobalSection(ProjectConfigurationPlatforms) = postSolution
		{C8361242-DA0D-4F29-8B54-8C2BC7387AA1}.Debug|Any CPU.ActiveCfg = Debug|Any CPU
		{C8361242-DA0D-4F29-8B54-8C2BC7387AA1}.Debug|Any CPU.Build.0 = Debug|Any CPU
		{C8361242-DA0D-4F29-8B54-8C2BC7387AA1}.Release|Any CPU.ActiveCfg = Release|Any CPU
		{C8361242-DA0D-4F29-8B54-8C2BC7387AA1}.Release|Any CPU.Build.0 = Release|Any CPU
		{A115E387-9E72-7FA4-8AC9-AFE1178B0F10}.Debug|Any CPU.ActiveCfg = Debug
		{A115E387-9E72-7FA4-8AC9-AFE1178B0F10}.Release|Any CPU.ActiveCfg = Release
	EndGlobalSection
	GlobalSection(SolutionProperties) = preSolution
		HideSolutionNode = FALSE
	EndGlobalSection
	GlobalSection(ExtensibilityGlobals) = postSolution
		SolutionGuid = {377DF3E4-6320-4311-8AE7-9B853530DEDB}
	EndGlobalSection
EndGlobal
